// !$*UTF8*$!
{
	archiveVersion = 1;
	classes = {
	};
	objectVersion = 56;
	objects = {

/* Begin PBXBuildFile section */
		345E26082B0E372E00A9EF7A /* SwiftUIBlueprintApp.swift in Sources */ = {isa = PBXBuildFile; fileRef = 345E26072B0E372E00A9EF7A /* SwiftUIBlueprintApp.swift */; };
		345E260A2B0E372E00A9EF7A /* ContentView.swift in Sources */ = {isa = PBXBuildFile; fileRef = 345E26092B0E372E00A9EF7A /* ContentView.swift */; };
		345E260C2B0E373000A9EF7A /* Assets.xcassets in Resources */ = {isa = PBXBuildFile; fileRef = 345E260B2B0E373000A9EF7A /* Assets.xcassets */; };
		345E260F2B0E373000A9EF7A /* Preview Assets.xcassets in Resources */ = {isa = PBXBuildFile; fileRef = 345E260E2B0E373000A9EF7A /* Preview Assets.xcassets */; };
		345E261B2B0E3E5400A9EF7A /* Localizable.strings in Resources */ = {isa = PBXBuildFile; fileRef = 345E261D2B0E3E5400A9EF7A /* Localizable.strings */; };
		345E26232B0E41D400A9EF7A /* StringExtensions.swift in Sources */ = {isa = PBXBuildFile; fileRef = 345E26222B0E41D400A9EF7A /* StringExtensions.swift */; };
		345E26262B0E44B900A9EF7A /* .swiftlint.yml in Resources */ = {isa = PBXBuildFile; fileRef = 345E26252B0E44B900A9EF7A /* .swiftlint.yml */; };
/* End PBXBuildFile section */

/* Begin PBXFileReference section */
		345E26042B0E372E00A9EF7A /* SwiftUIBlueprint.app */ = {isa = PBXFileReference; explicitFileType = wrapper.application; includeInIndex = 0; path = SwiftUIBlueprint.app; sourceTree = BUILT_PRODUCTS_DIR; };
		345E26072B0E372E00A9EF7A /* SwiftUIBlueprintApp.swift */ = {isa = PBXFileReference; lastKnownFileType = sourcecode.swift; path = SwiftUIBlueprintApp.swift; sourceTree = "<group>"; };
		345E26092B0E372E00A9EF7A /* ContentView.swift */ = {isa = PBXFileReference; lastKnownFileType = sourcecode.swift; path = ContentView.swift; sourceTree = "<group>"; };
		345E260B2B0E373000A9EF7A /* Assets.xcassets */ = {isa = PBXFileReference; lastKnownFileType = folder.assetcatalog; path = Assets.xcassets; sourceTree = "<group>"; };
		345E260E2B0E373000A9EF7A /* Preview Assets.xcassets */ = {isa = PBXFileReference; lastKnownFileType = folder.assetcatalog; path = "Preview Assets.xcassets"; sourceTree = "<group>"; };
		345E261C2B0E3E5400A9EF7A /* en */ = {isa = PBXFileReference; lastKnownFileType = text.plist.strings; name = en; path = en.lproj/Localizable.strings; sourceTree = "<group>"; };
		345E261E2B0E3E9100A9EF7A /* de */ = {isa = PBXFileReference; lastKnownFileType = text.plist.strings; name = de; path = de.lproj/Localizable.strings; sourceTree = "<group>"; };
		345E26222B0E41D400A9EF7A /* StringExtensions.swift */ = {isa = PBXFileReference; lastKnownFileType = sourcecode.swift; path = StringExtensions.swift; sourceTree = "<group>"; };
		345E26252B0E44B900A9EF7A /* .swiftlint.yml */ = {isa = PBXFileReference; lastKnownFileType = text.yaml; path = .swiftlint.yml; sourceTree = "<group>"; };
/* End PBXFileReference section */

/* Begin PBXFrameworksBuildPhase section */
		345E26012B0E372E00A9EF7A /* Frameworks */ = {
			isa = PBXFrameworksBuildPhase;
			buildActionMask = 2147483647;
			files = (
			);
			runOnlyForDeploymentPostprocessing = 0;
		};
/* End PBXFrameworksBuildPhase section */

/* Begin PBXGroup section */
		345E25FB2B0E372E00A9EF7A = {
			isa = PBXGroup;
			children = (
				345E26062B0E372E00A9EF7A /* SwiftUIBlueprint */,
				345E26052B0E372E00A9EF7A /* Products */,
			);
			sourceTree = "<group>";
		};
		345E26052B0E372E00A9EF7A /* Products */ = {
			isa = PBXGroup;
			children = (
				345E26042B0E372E00A9EF7A /* SwiftUIBlueprint.app */,
			);
			name = Products;
			sourceTree = "<group>";
		};
		345E26062B0E372E00A9EF7A /* SwiftUIBlueprint */ = {
			isa = PBXGroup;
			children = (
				345E261F2B0E41A000A9EF7A /* Code */,
				345E26072B0E372E00A9EF7A /* SwiftUIBlueprintApp.swift */,
				345E26092B0E372E00A9EF7A /* ContentView.swift */,
				345E26172B0E3DE800A9EF7A /* Resources */,
				345E260D2B0E373000A9EF7A /* Preview Content */,
				345E26252B0E44B900A9EF7A /* .swiftlint.yml */,
			);
			path = SwiftUIBlueprint;
			sourceTree = "<group>";
		};
		345E260D2B0E373000A9EF7A /* Preview Content */ = {
			isa = PBXGroup;
			children = (
				345E260E2B0E373000A9EF7A /* Preview Assets.xcassets */,
			);
			path = "Preview Content";
			sourceTree = "<group>";
		};
		345E26172B0E3DE800A9EF7A /* Resources */ = {
			isa = PBXGroup;
			children = (
				345E26182B0E3E0200A9EF7A /* Localization */,
				345E260B2B0E373000A9EF7A /* Assets.xcassets */,
			);
			path = Resources;
			sourceTree = "<group>";
		};
		345E26182B0E3E0200A9EF7A /* Localization */ = {
			isa = PBXGroup;
			children = (
				345E261D2B0E3E5400A9EF7A /* Localizable.strings */,
			);
			path = Localization;
			sourceTree = "<group>";
		};
		345E261F2B0E41A000A9EF7A /* Code */ = {
			isa = PBXGroup;
			children = (
				345E26202B0E41AC00A9EF7A /* Utilities */,
			);
			path = Code;
			sourceTree = "<group>";
		};
		345E26202B0E41AC00A9EF7A /* Utilities */ = {
			isa = PBXGroup;
			children = (
				345E26212B0E41BB00A9EF7A /* Extensions */,
			);
			path = Utilities;
			sourceTree = "<group>";
		};
		345E26212B0E41BB00A9EF7A /* Extensions */ = {
			isa = PBXGroup;
			children = (
				345E26222B0E41D400A9EF7A /* StringExtensions.swift */,
			);
			path = Extensions;
			sourceTree = "<group>";
		};
/* End PBXGroup section */

/* Begin PBXNativeTarget section */
		345E26032B0E372E00A9EF7A /* SwiftUIBlueprint */ = {
			isa = PBXNativeTarget;
			buildConfigurationList = 345E26122B0E373000A9EF7A /* Build configuration list for PBXNativeTarget "SwiftUIBlueprint" */;
			buildPhases = (
				345E26002B0E372E00A9EF7A /* Sources */,
				345E26012B0E372E00A9EF7A /* Frameworks */,
				345E26022B0E372E00A9EF7A /* Resources */,
				345E26242B0E43BA00A9EF7A /* Swiftlint */,
			);
			buildRules = (
			);
			dependencies = (
			);
			name = SwiftUIBlueprint;
			productName = SwiftUIBlueprint;
			productReference = 345E26042B0E372E00A9EF7A /* SwiftUIBlueprint.app */;
			productType = "com.apple.product-type.application";
		};
/* End PBXNativeTarget section */

/* Begin PBXProject section */
		345E25FC2B0E372E00A9EF7A /* Project object */ = {
			isa = PBXProject;
			attributes = {
				BuildIndependentTargetsInParallel = 1;
				LastSwiftUpdateCheck = 1500;
				LastUpgradeCheck = 1500;
				TargetAttributes = {
					345E26032B0E372E00A9EF7A = {
						CreatedOnToolsVersion = 15.0.1;
					};
				};
			};
			buildConfigurationList = 345E25FF2B0E372E00A9EF7A /* Build configuration list for PBXProject "SwiftUIBlueprint" */;
			compatibilityVersion = "Xcode 14.0";
			developmentRegion = en;
			hasScannedForEncodings = 0;
			knownRegions = (
				en,
				Base,
				de,
			);
			mainGroup = 345E25FB2B0E372E00A9EF7A;
			productRefGroup = 345E26052B0E372E00A9EF7A /* Products */;
			projectDirPath = "";
			projectRoot = "";
			targets = (
				345E26032B0E372E00A9EF7A /* SwiftUIBlueprint */,
			);
		};
/* End PBXProject section */

/* Begin PBXResourcesBuildPhase section */
		345E26022B0E372E00A9EF7A /* Resources */ = {
			isa = PBXResourcesBuildPhase;
			buildActionMask = 2147483647;
			files = (
				345E26262B0E44B900A9EF7A /* .swiftlint.yml in Resources */,
				345E260F2B0E373000A9EF7A /* Preview Assets.xcassets in Resources */,
				345E261B2B0E3E5400A9EF7A /* Localizable.strings in Resources */,
				345E260C2B0E373000A9EF7A /* Assets.xcassets in Resources */,
			);
			runOnlyForDeploymentPostprocessing = 0;
		};
/* End PBXResourcesBuildPhase section */

/* Begin PBXShellScriptBuildPhase section */
		345E26242B0E43BA00A9EF7A /* Swiftlint */ = {
			isa = PBXShellScriptBuildPhase;
			buildActionMask = 2147483647;
			files = (
			);
			inputFileListPaths = (
			);
			inputPaths = (
			);
			name = Swiftlint;
			outputFileListPaths = (
			);
			outputPaths = (
			);
			runOnlyForDeploymentPostprocessing = 0;
			shellPath = /bin/sh;
			shellScript = "if [[ \"$(uname -m)\" == arm64 ]]; then\n    export PATH=\"/opt/homebrew/bin:$PATH\"\nfi\n\nif which swiftlint > /dev/null; then\n  swiftlint\nelse\n  echo \"warning: SwiftLint not installed, download from https://github.com/realm/SwiftLint\"\nfi\n";
		};
/* End PBXShellScriptBuildPhase section */

/* Begin PBXSourcesBuildPhase section */
		345E26002B0E372E00A9EF7A /* Sources */ = {
			isa = PBXSourcesBuildPhase;
			buildActionMask = 2147483647;
			files = (
				345E26232B0E41D400A9EF7A /* StringExtensions.swift in Sources */,
				345E260A2B0E372E00A9EF7A /* ContentView.swift in Sources */,
				345E26082B0E372E00A9EF7A /* SwiftUIBlueprintApp.swift in Sources */,
			);
			runOnlyForDeploymentPostprocessing = 0;
		};
/* End PBXSourcesBuildPhase section */

/* Begin PBXVariantGroup section */
		345E261D2B0E3E5400A9EF7A /* Localizable.strings */ = {
			isa = PBXVariantGroup;
			children = (
				345E261C2B0E3E5400A9EF7A /* en */,
				345E261E2B0E3E9100A9EF7A /* de */,
			);
			name = Localizable.strings;
			sourceTree = "<group>";
		};
/* End PBXVariantGroup section */

/* Begin XCBuildConfiguration section */
		345E26102B0E373000A9EF7A /* Debug */ = {
			isa = XCBuildConfiguration;
			buildSettings = {
				ALWAYS_SEARCH_USER_PATHS = NO;
				ASSETCATALOG_COMPILER_GENERATE_SWIFT_ASSET_SYMBOL_EXTENSIONS = YES;
				CLANG_ANALYZER_LOCALIZABILITY_NONLOCALIZED = YES;
				CLANG_ANALYZER_NONNULL = YES;
				CLANG_ANALYZER_NUMBER_OBJECT_CONVERSION = YES_AGGRESSIVE;
				CLANG_CXX_LANGUAGE_STANDARD = "gnu++20";
				CLANG_ENABLE_MODULES = YES;
				CLANG_ENABLE_OBJC_ARC = YES;
				CLANG_ENABLE_OBJC_WEAK = YES;
				CLANG_WARN_BLOCK_CAPTURE_AUTORELEASING = YES;
				CLANG_WARN_BOOL_CONVERSION = YES;
				CLANG_WARN_COMMA = YES;
				CLANG_WARN_CONSTANT_CONVERSION = YES;
				CLANG_WARN_DEPRECATED_OBJC_IMPLEMENTATIONS = YES;
				CLANG_WARN_DIRECT_OBJC_ISA_USAGE = YES_ERROR;
				CLANG_WARN_DOCUMENTATION_COMMENTS = YES;
				CLANG_WARN_EMPTY_BODY = YES;
				CLANG_WARN_ENUM_CONVERSION = YES;
				CLANG_WARN_INFINITE_RECURSION = YES;
				CLANG_WARN_INT_CONVERSION = YES;
				CLANG_WARN_NON_LITERAL_NULL_CONVERSION = YES;
				CLANG_WARN_OBJC_IMPLICIT_RETAIN_SELF = YES;
				CLANG_WARN_OBJC_LITERAL_CONVERSION = YES;
				CLANG_WARN_OBJC_ROOT_CLASS = YES_ERROR;
				CLANG_WARN_QUOTED_INCLUDE_IN_FRAMEWORK_HEADER = YES;
				CLANG_WARN_RANGE_LOOP_ANALYSIS = YES;
				CLANG_WARN_STRICT_PROTOTYPES = YES;
				CLANG_WARN_SUSPICIOUS_MOVE = YES;
				CLANG_WARN_UNGUARDED_AVAILABILITY = YES_AGGRESSIVE;
				CLANG_WARN_UNREACHABLE_CODE = YES;
				CLANG_WARN__DUPLICATE_METHOD_MATCH = YES;
				COPY_PHASE_STRIP = NO;
				DEBUG_INFORMATION_FORMAT = dwarf;
				ENABLE_STRICT_OBJC_MSGSEND = YES;
				ENABLE_TESTABILITY = YES;
				ENABLE_USER_SCRIPT_SANDBOXING = YES;
				GCC_C_LANGUAGE_STANDARD = gnu17;
				GCC_DYNAMIC_NO_PIC = NO;
				GCC_NO_COMMON_BLOCKS = YES;
				GCC_OPTIMIZATION_LEVEL = 0;
				GCC_PREPROCESSOR_DEFINITIONS = (
					"DEBUG=1",
					"$(inherited)",
				);
				GCC_WARN_64_TO_32_BIT_CONVERSION = YES;
				GCC_WARN_ABOUT_RETURN_TYPE = YES_ERROR;
				GCC_WARN_UNDECLARED_SELECTOR = YES;
				GCC_WARN_UNINITIALIZED_AUTOS = YES_AGGRESSIVE;
				GCC_WARN_UNUSED_FUNCTION = YES;
				GCC_WARN_UNUSED_VARIABLE = YES;
				IPHONEOS_DEPLOYMENT_TARGET = 17.0;
				LOCALIZATION_PREFERS_STRING_CATALOGS = YES;
				MTL_ENABLE_DEBUG_INFO = INCLUDE_SOURCE;
				MTL_FAST_MATH = YES;
				ONLY_ACTIVE_ARCH = YES;
				SDKROOT = iphoneos;
				SWIFT_ACTIVE_COMPILATION_CONDITIONS = "DEBUG $(inherited)";
				SWIFT_OPTIMIZATION_LEVEL = "-Onone";
			};
			name = Debug;
		};
		345E26112B0E373000A9EF7A /* Release */ = {
			isa = XCBuildConfiguration;
			buildSettings = {
				ALWAYS_SEARCH_USER_PATHS = NO;
				ASSETCATALOG_COMPILER_GENERATE_SWIFT_ASSET_SYMBOL_EXTENSIONS = YES;
				CLANG_ANALYZER_LOCALIZABILITY_NONLOCALIZED = YES;
				CLANG_ANALYZER_NONNULL = YES;
				CLANG_ANALYZER_NUMBER_OBJECT_CONVERSION = YES_AGGRESSIVE;
				CLANG_CXX_LANGUAGE_STANDARD = "gnu++20";
				CLANG_ENABLE_MODULES = YES;
				CLANG_ENABLE_OBJC_ARC = YES;
				CLANG_ENABLE_OBJC_WEAK = YES;
				CLANG_WARN_BLOCK_CAPTURE_AUTORELEASING = YES;
				CLANG_WARN_BOOL_CONVERSION = YES;
				CLANG_WARN_COMMA = YES;
				CLANG_WARN_CONSTANT_CONVERSION = YES;
				CLANG_WARN_DEPRECATED_OBJC_IMPLEMENTATIONS = YES;
				CLANG_WARN_DIRECT_OBJC_ISA_USAGE = YES_ERROR;
				CLANG_WARN_DOCUMENTATION_COMMENTS = YES;
				CLANG_WARN_EMPTY_BODY = YES;
				CLANG_WARN_ENUM_CONVERSION = YES;
				CLANG_WARN_INFINITE_RECURSION = YES;
				CLANG_WARN_INT_CONVERSION = YES;
				CLANG_WARN_NON_LITERAL_NULL_CONVERSION = YES;
				CLANG_WARN_OBJC_IMPLICIT_RETAIN_SELF = YES;
				CLANG_WARN_OBJC_LITERAL_CONVERSION = YES;
				CLANG_WARN_OBJC_ROOT_CLASS = YES_ERROR;
				CLANG_WARN_QUOTED_INCLUDE_IN_FRAMEWORK_HEADER = YES;
				CLANG_WARN_RANGE_LOOP_ANALYSIS = YES;
				CLANG_WARN_STRICT_PROTOTYPES = YES;
				CLANG_WARN_SUSPICIOUS_MOVE = YES;
				CLANG_WARN_UNGUARDED_AVAILABILITY = YES_AGGRESSIVE;
				CLANG_WARN_UNREACHABLE_CODE = YES;
				CLANG_WARN__DUPLICATE_METHOD_MATCH = YES;
				COPY_PHASE_STRIP = NO;
				DEBUG_INFORMATION_FORMAT = "dwarf-with-dsym";
				ENABLE_NS_ASSERTIONS = NO;
				ENABLE_STRICT_OBJC_MSGSEND = YES;
				ENABLE_USER_SCRIPT_SANDBOXING = YES;
				GCC_C_LANGUAGE_STANDARD = gnu17;
				GCC_NO_COMMON_BLOCKS = YES;
				GCC_WARN_64_TO_32_BIT_CONVERSION = YES;
				GCC_WARN_ABOUT_RETURN_TYPE = YES_ERROR;
				GCC_WARN_UNDECLARED_SELECTOR = YES;
				GCC_WARN_UNINITIALIZED_AUTOS = YES_AGGRESSIVE;
				GCC_WARN_UNUSED_FUNCTION = YES;
				GCC_WARN_UNUSED_VARIABLE = YES;
				IPHONEOS_DEPLOYMENT_TARGET = 17.0;
				LOCALIZATION_PREFERS_STRING_CATALOGS = YES;
				MTL_ENABLE_DEBUG_INFO = NO;
				MTL_FAST_MATH = YES;
				SDKROOT = iphoneos;
				SWIFT_COMPILATION_MODE = wholemodule;
				VALIDATE_PRODUCT = YES;
			};
			name = Release;
		};
		345E26132B0E373000A9EF7A /* Debug */ = {
			isa = XCBuildConfiguration;
			buildSettings = {
				ASSETCATALOG_COMPILER_APPICON_NAME = AppIcon;
				ASSETCATALOG_COMPILER_GLOBAL_ACCENT_COLOR_NAME = AccentColor;
				CODE_SIGN_STYLE = Automatic;
				CURRENT_PROJECT_VERSION = 1;
				DEVELOPMENT_ASSET_PATHS = "\"SwiftUIBlueprint/Preview Content\"";
				DEVELOPMENT_TEAM = TS43775FV9;
				ENABLE_PREVIEWS = YES;
				ENABLE_USER_SCRIPT_SANDBOXING = NO;
				GENERATE_INFOPLIST_FILE = YES;
				INFOPLIST_KEY_UIApplicationSceneManifest_Generation = YES;
				INFOPLIST_KEY_UIApplicationSupportsIndirectInputEvents = YES;
				INFOPLIST_KEY_UILaunchScreen_Generation = YES;
				INFOPLIST_KEY_UISupportedInterfaceOrientations_iPad = "UIInterfaceOrientationPortrait UIInterfaceOrientationPortraitUpsideDown UIInterfaceOrientationLandscapeLeft UIInterfaceOrientationLandscapeRight";
				INFOPLIST_KEY_UISupportedInterfaceOrientations_iPhone = "UIInterfaceOrientationPortrait UIInterfaceOrientationLandscapeLeft UIInterfaceOrientationLandscapeRight";
				IPHONEOS_DEPLOYMENT_TARGET = 17.0;
				LD_RUNPATH_SEARCH_PATHS = (
					"$(inherited)",
					"@executable_path/Frameworks",
				);
				MARKETING_VERSION = 1.0;
				PRODUCT_BUNDLE_IDENTIFIER = com.anidrium.inacio.SwiftUIBlueprint;
				PRODUCT_NAME = "$(TARGET_NAME)";
				SWIFT_EMIT_LOC_STRINGS = YES;
				SWIFT_VERSION = 5.0;
				TARGETED_DEVICE_FAMILY = "1,2";
			};
			name = Debug;
		};
		345E26142B0E373000A9EF7A /* Release */ = {
			isa = XCBuildConfiguration;
			buildSettings = {
				ASSETCATALOG_COMPILER_APPICON_NAME = AppIcon;
				ASSETCATALOG_COMPILER_GLOBAL_ACCENT_COLOR_NAME = AccentColor;
				CODE_SIGN_STYLE = Automatic;
				CURRENT_PROJECT_VERSION = 1;
				DEVELOPMENT_ASSET_PATHS = "\"SwiftUIBlueprint/Preview Content\"";
				DEVELOPMENT_TEAM = TS43775FV9;
				ENABLE_PREVIEWS = YES;
				ENABLE_USER_SCRIPT_SANDBOXING = NO;
				GENERATE_INFOPLIST_FILE = YES;
				INFOPLIST_KEY_UIApplicationSceneManifest_Generation = YES;
				INFOPLIST_KEY_UIApplicationSupportsIndirectInputEvents = YES;
				INFOPLIST_KEY_UILaunchScreen_Generation = YES;
				INFOPLIST_KEY_UISupportedInterfaceOrientations_iPad = "UIInterfaceOrientationPortrait UIInterfaceOrientationPortraitUpsideDown UIInterfaceOrientationLandscapeLeft UIInterfaceOrientationLandscapeRight";
				INFOPLIST_KEY_UISupportedInterfaceOrientations_iPhone = "UIInterfaceOrientationPortrait UIInterfaceOrientationLandscapeLeft UIInterfaceOrientationLandscapeRight";
				IPHONEOS_DEPLOYMENT_TARGET = 17.0;
				LD_RUNPATH_SEARCH_PATHS = (
					"$(inherited)",
					"@executable_path/Frameworks",
				);
				MARKETING_VERSION = 1.0;
				PRODUCT_BUNDLE_IDENTIFIER = com.anidrium.inacio.SwiftUIBlueprint;
				PRODUCT_NAME = "$(TARGET_NAME)";
				SWIFT_EMIT_LOC_STRINGS = YES;
				SWIFT_VERSION = 5.0;
				TARGETED_DEVICE_FAMILY = "1,2";
			};
			name = Release;
		};
/* End XCBuildConfiguration section */

/* Begin XCConfigurationList section */
		345E25FF2B0E372E00A9EF7A /* Build configuration list for PBXProject "SwiftUIBlueprint" */ = {
			isa = XCConfigurationList;
			buildConfigurations = (
				345E26102B0E373000A9EF7A /* Debug */,
				345E26112B0E373000A9EF7A /* Release */,
			);
			defaultConfigurationIsVisible = 0;
			defaultConfigurationName = Release;
		};
		345E26122B0E373000A9EF7A /* Build configuration list for PBXNativeTarget "SwiftUIBlueprint" */ = {
			isa = XCConfigurationList;
			buildConfigurations = (
				345E26132B0E373000A9EF7A /* Debug */,
				345E26142B0E373000A9EF7A /* Release */,
			);
			defaultConfigurationIsVisible = 0;
			defaultConfigurationName = Release;
		};
/* End XCConfigurationList section */
	};
	rootObject = 345E25FC2B0E372E00A9EF7A /* Project object */;
}
